// !$*UTF8*$!
{
	archiveVersion = 1;
	classes = {
	};
	objectVersion = 50;
	objects = {

/* Begin PBXBuildFile section */
		382653C5210A068E00584777 /* AppDelegate.swift in Sources */ = {isa = PBXBuildFile; fileRef = 382653C4210A068E00584777 /* AppDelegate.swift */; };
		382653C7210A068E00584777 /* GameScene.sks in Resources */ = {isa = PBXBuildFile; fileRef = 382653C6210A068E00584777 /* GameScene.sks */; };
		382653C9210A068E00584777 /* Actions.sks in Resources */ = {isa = PBXBuildFile; fileRef = 382653C8210A068E00584777 /* Actions.sks */; };
		382653CB210A068E00584777 /* GameScene.swift in Sources */ = {isa = PBXBuildFile; fileRef = 382653CA210A068E00584777 /* GameScene.swift */; };
		382653CD210A068E00584777 /* GameViewController.swift in Sources */ = {isa = PBXBuildFile; fileRef = 382653CC210A068E00584777 /* GameViewController.swift */; };
		382653D0210A068E00584777 /* Main.storyboard in Resources */ = {isa = PBXBuildFile; fileRef = 382653CE210A068E00584777 /* Main.storyboard */; };
		382653D2210A068F00584777 /* Assets.xcassets in Resources */ = {isa = PBXBuildFile; fileRef = 382653D1210A068F00584777 /* Assets.xcassets */; };
		382653D5210A068F00584777 /* LaunchScreen.storyboard in Resources */ = {isa = PBXBuildFile; fileRef = 382653D3210A068F00584777 /* LaunchScreen.storyboard */; };
		382653F1210A075100584777 /* ShuttleCharacter.swift in Sources */ = {isa = PBXBuildFile; fileRef = 382653F0210A075100584777 /* ShuttleCharacter.swift */; };
		382653F4210A086400584777 /* GameOverError.swift in Sources */ = {isa = PBXBuildFile; fileRef = 382653F3210A086400584777 /* GameOverError.swift */; };
		388B9713210A18BE0081CEAE /* AlienCharacter.swift in Sources */ = {isa = PBXBuildFile; fileRef = 388B9712210A18BE0081CEAE /* AlienCharacter.swift */; };
		388B9717210A1C3C0081CEAE /* CharacterGameElement.swift in Sources */ = {isa = PBXBuildFile; fileRef = 388B9716210A1C3C0081CEAE /* CharacterGameElement.swift */; };
		388B9719210A23050081CEAE /* AlienTypes.swift in Sources */ = {isa = PBXBuildFile; fileRef = 388B9718210A23050081CEAE /* AlienTypes.swift */; };
		38BF6F4F210CA4D2008A94BC /* ActionDelegate.swift in Sources */ = {isa = PBXBuildFile; fileRef = 38BF6F4E210CA4D2008A94BC /* ActionDelegate.swift */; };
		38DC9181210CBC4400DBCF80 /* BulletCharacter.swift in Sources */ = {isa = PBXBuildFile; fileRef = 38DC9180210CBC4400DBCF80 /* BulletCharacter.swift */; };
		38DC9183210CBCF100DBCF80 /* GameElement.swift in Sources */ = {isa = PBXBuildFile; fileRef = 38DC9182210CBCF100DBCF80 /* GameElement.swift */; };
		38DC9185210CBE8000DBCF80 /* BulletType.swift in Sources */ = {isa = PBXBuildFile; fileRef = 38DC9184210CBE8000DBCF80 /* BulletType.swift */; };
		38F046B7210F2DF40079B6B8 /* explosion.mp3 in Resources */ = {isa = PBXBuildFile; fileRef = 38F046B5210F2DF40079B6B8 /* explosion.mp3 */; };
		38F046B8210F2DF40079B6B8 /* torpedo.mp3 in Resources */ = {isa = PBXBuildFile; fileRef = 38F046B6210F2DF40079B6B8 /* torpedo.mp3 */; };
		38F046BA210F318F0079B6B8 /* AlienExitedScreenError.swift in Sources */ = {isa = PBXBuildFile; fileRef = 38F046B9210F318F0079B6B8 /* AlienExitedScreenError.swift */; };
/* End PBXBuildFile section */

/* Begin PBXFileReference section */
		382653C1210A068E00584777 /* SpaceDefender.app */ = {isa = PBXFileReference; explicitFileType = wrapper.application; includeInIndex = 0; path = SpaceDefender.app; sourceTree = BUILT_PRODUCTS_DIR; };
		382653C4210A068E00584777 /* AppDelegate.swift */ = {isa = PBXFileReference; lastKnownFileType = sourcecode.swift; path = AppDelegate.swift; sourceTree = "<group>"; };
		382653C6210A068E00584777 /* GameScene.sks */ = {isa = PBXFileReference; lastKnownFileType = file.sks; path = GameScene.sks; sourceTree = "<group>"; };
		382653C8210A068E00584777 /* Actions.sks */ = {isa = PBXFileReference; lastKnownFileType = file.sks; path = Actions.sks; sourceTree = "<group>"; };
		382653CA210A068E00584777 /* GameScene.swift */ = {isa = PBXFileReference; lastKnownFileType = sourcecode.swift; path = GameScene.swift; sourceTree = "<group>"; };
		382653CC210A068E00584777 /* GameViewController.swift */ = {isa = PBXFileReference; lastKnownFileType = sourcecode.swift; path = GameViewController.swift; sourceTree = "<group>"; };
		382653CF210A068E00584777 /* Base */ = {isa = PBXFileReference; lastKnownFileType = file.storyboard; name = Base; path = Base.lproj/Main.storyboard; sourceTree = "<group>"; };
		382653D1210A068F00584777 /* Assets.xcassets */ = {isa = PBXFileReference; lastKnownFileType = folder.assetcatalog; path = Assets.xcassets; sourceTree = "<group>"; };
		382653D4210A068F00584777 /* Base */ = {isa = PBXFileReference; lastKnownFileType = file.storyboard; name = Base; path = Base.lproj/LaunchScreen.storyboard; sourceTree = "<group>"; };
		382653D6210A068F00584777 /* Info.plist */ = {isa = PBXFileReference; lastKnownFileType = text.plist.xml; path = Info.plist; sourceTree = "<group>"; };
		382653F0210A075100584777 /* ShuttleCharacter.swift */ = {isa = PBXFileReference; lastKnownFileType = sourcecode.swift; path = ShuttleCharacter.swift; sourceTree = "<group>"; };
		382653F3210A086400584777 /* GameOverError.swift */ = {isa = PBXFileReference; lastKnownFileType = sourcecode.swift; path = GameOverError.swift; sourceTree = "<group>"; };
		388B9712210A18BE0081CEAE /* AlienCharacter.swift */ = {isa = PBXFileReference; lastKnownFileType = sourcecode.swift; path = AlienCharacter.swift; sourceTree = "<group>"; };
		388B9716210A1C3C0081CEAE /* CharacterGameElement.swift */ = {isa = PBXFileReference; lastKnownFileType = sourcecode.swift; path = CharacterGameElement.swift; sourceTree = "<group>"; };
		388B9718210A23050081CEAE /* AlienTypes.swift */ = {isa = PBXFileReference; lastKnownFileType = sourcecode.swift; path = AlienTypes.swift; sourceTree = "<group>"; };
		38BF6F4E210CA4D2008A94BC /* ActionDelegate.swift */ = {isa = PBXFileReference; lastKnownFileType = sourcecode.swift; path = ActionDelegate.swift; sourceTree = "<group>"; };
		38DC9180210CBC4400DBCF80 /* BulletCharacter.swift */ = {isa = PBXFileReference; lastKnownFileType = sourcecode.swift; path = BulletCharacter.swift; sourceTree = "<group>"; };
		38DC9182210CBCF100DBCF80 /* GameElement.swift */ = {isa = PBXFileReference; lastKnownFileType = sourcecode.swift; path = GameElement.swift; sourceTree = "<group>"; };
		38DC9184210CBE8000DBCF80 /* BulletType.swift */ = {isa = PBXFileReference; lastKnownFileType = sourcecode.swift; path = BulletType.swift; sourceTree = "<group>"; };
		38F046B5210F2DF40079B6B8 /* explosion.mp3 */ = {isa = PBXFileReference; lastKnownFileType = audio.mp3; path = explosion.mp3; sourceTree = "<group>"; };
		38F046B6210F2DF40079B6B8 /* torpedo.mp3 */ = {isa = PBXFileReference; lastKnownFileType = audio.mp3; path = torpedo.mp3; sourceTree = "<group>"; };
		38F046B9210F318F0079B6B8 /* AlienExitedScreenError.swift */ = {isa = PBXFileReference; lastKnownFileType = sourcecode.swift; path = AlienExitedScreenError.swift; sourceTree = "<group>"; };
/* End PBXFileReference section */

/* Begin PBXFrameworksBuildPhase section */
		382653BE210A068E00584777 /* Frameworks */ = {
			isa = PBXFrameworksBuildPhase;
			buildActionMask = 2147483647;
			files = (
			);
			runOnlyForDeploymentPostprocessing = 0;
		};
/* End PBXFrameworksBuildPhase section */

/* Begin PBXGroup section */
		382653B8210A068E00584777 = {
			isa = PBXGroup;
			children = (
				382653C3210A068E00584777 /* SpaceDefender */,
				382653C2210A068E00584777 /* Products */,
			);
			sourceTree = "<group>";
		};
		382653C2210A068E00584777 /* Products */ = {
			isa = PBXGroup;
			children = (
				382653C1210A068E00584777 /* SpaceDefender.app */,
			);
			name = Products;
			sourceTree = "<group>";
		};
		382653C3210A068E00584777 /* SpaceDefender */ = {
			isa = PBXGroup;
			children = (
				388B9711210A189E0081CEAE /* Nodes */,
				382653F6210A095900584777 /* Scenes */,
				382653F5210A093200584777 /* GameScene */,
				382653F2210A076600584777 /* Logical */,
				382653C4210A068E00584777 /* AppDelegate.swift */,
				382653CC210A068E00584777 /* GameViewController.swift */,
				382653CE210A068E00584777 /* Main.storyboard */,
				38F046B5210F2DF40079B6B8 /* explosion.mp3 */,
				38F046B6210F2DF40079B6B8 /* torpedo.mp3 */,
				382653D1210A068F00584777 /* Assets.xcassets */,
				382653D3210A068F00584777 /* LaunchScreen.storyboard */,
				382653D6210A068F00584777 /* Info.plist */,
			);
			path = SpaceDefender;
			sourceTree = "<group>";
		};
		382653F2210A076600584777 /* Logical */ = {
			isa = PBXGroup;
			children = (
				382653F3210A086400584777 /* GameOverError.swift */,
				388B9718210A23050081CEAE /* AlienTypes.swift */,
				38BF6F4E210CA4D2008A94BC /* ActionDelegate.swift */,
				38DC9184210CBE8000DBCF80 /* BulletType.swift */,
				38F046B9210F318F0079B6B8 /* AlienExitedScreenError.swift */,
			);
			path = Logical;
			sourceTree = "<group>";
		};
		382653F5210A093200584777 /* GameScene */ = {
			isa = PBXGroup;
			children = (
				382653CA210A068E00584777 /* GameScene.swift */,
			);
			path = GameScene;
			sourceTree = "<group>";
		};
		382653F6210A095900584777 /* Scenes */ = {
			isa = PBXGroup;
			children = (
				382653C6210A068E00584777 /* GameScene.sks */,
				382653C8210A068E00584777 /* Actions.sks */,
			);
			path = Scenes;
			sourceTree = "<group>";
		};
		388B9711210A189E0081CEAE /* Nodes */ = {
			isa = PBXGroup;
			children = (
				388B9716210A1C3C0081CEAE /* CharacterGameElement.swift */,
				382653F0210A075100584777 /* ShuttleCharacter.swift */,
				388B9712210A18BE0081CEAE /* AlienCharacter.swift */,
				38DC9180210CBC4400DBCF80 /* BulletCharacter.swift */,
				38DC9182210CBCF100DBCF80 /* GameElement.swift */,
			);
			path = Nodes;
			sourceTree = "<group>";
		};
/* End PBXGroup section */

/* Begin PBXNativeTarget section */
		382653C0210A068E00584777 /* SpaceDefender */ = {
			isa = PBXNativeTarget;
			buildConfigurationList = 382653D9210A068F00584777 /* Build configuration list for PBXNativeTarget "SpaceDefender" */;
			buildPhases = (
				382653BD210A068E00584777 /* Sources */,
				382653BE210A068E00584777 /* Frameworks */,
				382653BF210A068E00584777 /* Resources */,
			);
			buildRules = (
			);
			dependencies = (
			);
			name = SpaceDefender;
			productName = SpaceDefender;
			productReference = 382653C1210A068E00584777 /* SpaceDefender.app */;
			productType = "com.apple.product-type.application";
		};
/* End PBXNativeTarget section */

/* Begin PBXProject section */
		382653B9210A068E00584777 /* Project object */ = {
			isa = PBXProject;
			attributes = {
				KnownAssetTags = (
					New,
				);
				LastSwiftUpdateCheck = 0940;
				LastUpgradeCheck = 0940;
				ORGANIZATIONNAME = "Claudio Facchinetti";
				TargetAttributes = {
					382653C0210A068E00584777 = {
						CreatedOnToolsVersion = 9.4.1;
					};
				};
			};
			buildConfigurationList = 382653BC210A068E00584777 /* Build configuration list for PBXProject "SpaceDefender" */;
			compatibilityVersion = "Xcode 9.3";
			developmentRegion = en;
			hasScannedForEncodings = 0;
			knownRegions = (
				en,
				Base,
			);
			mainGroup = 382653B8210A068E00584777;
			productRefGroup = 382653C2210A068E00584777 /* Products */;
			projectDirPath = "";
			projectRoot = "";
			targets = (
				382653C0210A068E00584777 /* SpaceDefender */,
			);
		};
/* End PBXProject section */

/* Begin PBXResourcesBuildPhase section */
		382653BF210A068E00584777 /* Resources */ = {
			isa = PBXResourcesBuildPhase;
			buildActionMask = 2147483647;
			files = (
				38F046B8210F2DF40079B6B8 /* torpedo.mp3 in Resources */,
				38F046B7210F2DF40079B6B8 /* explosion.mp3 in Resources */,
				382653D0210A068E00584777 /* Main.storyboard in Resources */,
				382653C7210A068E00584777 /* GameScene.sks in Resources */,
				382653D2210A068F00584777 /* Assets.xcassets in Resources */,
				382653D5210A068F00584777 /* LaunchScreen.storyboard in Resources */,
				382653C9210A068E00584777 /* Actions.sks in Resources */,
			);
			runOnlyForDeploymentPostprocessing = 0;
		};
/* End PBXResourcesBuildPhase section */

/* Begin PBXSourcesBuildPhase section */
		382653BD210A068E00584777 /* Sources */ = {
			isa = PBXSourcesBuildPhase;
			buildActionMask = 2147483647;
			files = (
				38F046BA210F318F0079B6B8 /* AlienExitedScreenError.swift in Sources */,
				382653F1210A075100584777 /* ShuttleCharacter.swift in Sources */,
				38DC9185210CBE8000DBCF80 /* BulletType.swift in Sources */,
				38DC9181210CBC4400DBCF80 /* BulletCharacter.swift in Sources */,
				38BF6F4F210CA4D2008A94BC /* ActionDelegate.swift in Sources */,
				38DC9183210CBCF100DBCF80 /* GameElement.swift in Sources */,
				388B9713210A18BE0081CEAE /* AlienCharacter.swift in Sources */,
				382653CB210A068E00584777 /* GameScene.swift in Sources */,
				382653CD210A068E00584777 /* GameViewController.swift in Sources */,
				382653C5210A068E00584777 /* AppDelegate.swift in Sources */,
				382653F4210A086400584777 /* GameOverError.swift in Sources */,
				388B9717210A1C3C0081CEAE /* CharacterGameElement.swift in Sources */,
				388B9719210A23050081CEAE /* AlienTypes.swift in Sources */,
			);
			runOnlyForDeploymentPostprocessing = 0;
		};
/* End PBXSourcesBuildPhase section */

/* Begin PBXVariantGroup section */
		382653CE210A068E00584777 /* Main.storyboard */ = {
			isa = PBXVariantGroup;
			children = (
				382653CF210A068E00584777 /* Base */,
			);
			name = Main.storyboard;
			sourceTree = "<group>";
		};
		382653D3210A068F00584777 /* LaunchScreen.storyboard */ = {
			isa = PBXVariantGroup;
			children = (
				382653D4210A068F00584777 /* Base */,
			);
			name = LaunchScreen.storyboard;
			sourceTree = "<group>";
		};
/* End PBXVariantGroup section */

/* Begin XCBuildConfiguration section */
		382653D7210A068F00584777 /* Debug */ = {
			isa = XCBuildConfiguration;
			buildSettings = {
				ALWAYS_SEARCH_USER_PATHS = NO;
				CLANG_ANALYZER_NONNULL = YES;
				CLANG_ANALYZER_NUMBER_OBJECT_CONVERSION = YES_AGGRESSIVE;
				CLANG_CXX_LANGUAGE_STANDARD = "gnu++14";
				CLANG_CXX_LIBRARY = "libc++";
				CLANG_ENABLE_MODULES = YES;
				CLANG_ENABLE_OBJC_ARC = YES;
				CLANG_ENABLE_OBJC_WEAK = YES;
				CLANG_WARN_BLOCK_CAPTURE_AUTORELEASING = YES;
				CLANG_WARN_BOOL_CONVERSION = YES;
				CLANG_WARN_COMMA = YES;
				CLANG_WARN_CONSTANT_CONVERSION = YES;
				CLANG_WARN_DEPRECATED_OBJC_IMPLEMENTATIONS = YES;
				CLANG_WARN_DIRECT_OBJC_ISA_USAGE = YES_ERROR;
				CLANG_WARN_DOCUMENTATION_COMMENTS = YES;
				CLANG_WARN_EMPTY_BODY = YES;
				CLANG_WARN_ENUM_CONVERSION = YES;
				CLANG_WARN_INFINITE_RECURSION = YES;
				CLANG_WARN_INT_CONVERSION = YES;
				CLANG_WARN_NON_LITERAL_NULL_CONVERSION = YES;
				CLANG_WARN_OBJC_IMPLICIT_RETAIN_SELF = YES;
				CLANG_WARN_OBJC_LITERAL_CONVERSION = YES;
				CLANG_WARN_OBJC_ROOT_CLASS = YES_ERROR;
				CLANG_WARN_RANGE_LOOP_ANALYSIS = YES;
				CLANG_WARN_STRICT_PROTOTYPES = YES;
				CLANG_WARN_SUSPICIOUS_MOVE = YES;
				CLANG_WARN_UNGUARDED_AVAILABILITY = YES_AGGRESSIVE;
				CLANG_WARN_UNREACHABLE_CODE = YES;
				CLANG_WARN__DUPLICATE_METHOD_MATCH = YES;
				CODE_SIGN_IDENTITY = "iPhone Developer";
				COPY_PHASE_STRIP = NO;
				DEBUG_INFORMATION_FORMAT = dwarf;
				ENABLE_STRICT_OBJC_MSGSEND = YES;
				ENABLE_TESTABILITY = YES;
				GCC_C_LANGUAGE_STANDARD = gnu11;
				GCC_DYNAMIC_NO_PIC = NO;
				GCC_NO_COMMON_BLOCKS = YES;
				GCC_OPTIMIZATION_LEVEL = 0;
				GCC_PREPROCESSOR_DEFINITIONS = (
					"DEBUG=1",
					"$(inherited)",
				);
				GCC_WARN_64_TO_32_BIT_CONVERSION = YES;
				GCC_WARN_ABOUT_RETURN_TYPE = YES_ERROR;
				GCC_WARN_UNDECLARED_SELECTOR = YES;
				GCC_WARN_UNINITIALIZED_AUTOS = YES_AGGRESSIVE;
				GCC_WARN_UNUSED_FUNCTION = YES;
				GCC_WARN_UNUSED_VARIABLE = YES;
				IPHONEOS_DEPLOYMENT_TARGET = 11.4;
				MTL_ENABLE_DEBUG_INFO = YES;
				ONLY_ACTIVE_ARCH = YES;
				SDKROOT = iphoneos;
				SWIFT_ACTIVE_COMPILATION_CONDITIONS = DEBUG;
				SWIFT_OPTIMIZATION_LEVEL = "-Onone";
			};
			name = Debug;
		};
		382653D8210A068F00584777 /* Release */ = {
			isa = XCBuildConfiguration;
			buildSettings = {
				ALWAYS_SEARCH_USER_PATHS = NO;
				CLANG_ANALYZER_NONNULL = YES;
				CLANG_ANALYZER_NUMBER_OBJECT_CONVERSION = YES_AGGRESSIVE;
				CLANG_CXX_LANGUAGE_STANDARD = "gnu++14";
				CLANG_CXX_LIBRARY = "libc++";
				CLANG_ENABLE_MODULES = YES;
				CLANG_ENABLE_OBJC_ARC = YES;
				CLANG_ENABLE_OBJC_WEAK = YES;
				CLANG_WARN_BLOCK_CAPTURE_AUTORELEASING = YES;
				CLANG_WARN_BOOL_CONVERSION = YES;
				CLANG_WARN_COMMA = YES;
				CLANG_WARN_CONSTANT_CONVERSION = YES;
				CLANG_WARN_DEPRECATED_OBJC_IMPLEMENTATIONS = YES;
				CLANG_WARN_DIRECT_OBJC_ISA_USAGE = YES_ERROR;
				CLANG_WARN_DOCUMENTATION_COMMENTS = YES;
				CLANG_WARN_EMPTY_BODY = YES;
				CLANG_WARN_ENUM_CONVERSION = YES;
				CLANG_WARN_INFINITE_RECURSION = YES;
				CLANG_WARN_INT_CONVERSION = YES;
				CLANG_WARN_NON_LITERAL_NULL_CONVERSION = YES;
				CLANG_WARN_OBJC_IMPLICIT_RETAIN_SELF = YES;
				CLANG_WARN_OBJC_LITERAL_CONVERSION = YES;
				CLANG_WARN_OBJC_ROOT_CLASS = YES_ERROR;
				CLANG_WARN_RANGE_LOOP_ANALYSIS = YES;
				CLANG_WARN_STRICT_PROTOTYPES = YES;
				CLANG_WARN_SUSPICIOUS_MOVE = YES;
				CLANG_WARN_UNGUARDED_AVAILABILITY = YES_AGGRESSIVE;
				CLANG_WARN_UNREACHABLE_CODE = YES;
				CLANG_WARN__DUPLICATE_METHOD_MATCH = YES;
				CODE_SIGN_IDENTITY = "iPhone Developer";
				COPY_PHASE_STRIP = NO;
				DEBUG_INFORMATION_FORMAT = "dwarf-with-dsym";
				ENABLE_NS_ASSERTIONS = NO;
				ENABLE_STRICT_OBJC_MSGSEND = YES;
				GCC_C_LANGUAGE_STANDARD = gnu11;
				GCC_NO_COMMON_BLOCKS = YES;
				GCC_WARN_64_TO_32_BIT_CONVERSION = YES;
				GCC_WARN_ABOUT_RETURN_TYPE = YES_ERROR;
				GCC_WARN_UNDECLARED_SELECTOR = YES;
				GCC_WARN_UNINITIALIZED_AUTOS = YES_AGGRESSIVE;
				GCC_WARN_UNUSED_FUNCTION = YES;
				GCC_WARN_UNUSED_VARIABLE = YES;
				IPHONEOS_DEPLOYMENT_TARGET = 11.4;
				MTL_ENABLE_DEBUG_INFO = NO;
				SDKROOT = iphoneos;
				SWIFT_COMPILATION_MODE = wholemodule;
				SWIFT_OPTIMIZATION_LEVEL = "-O";
				VALIDATE_PRODUCT = YES;
			};
			name = Release;
		};
		382653DA210A068F00584777 /* Debug */ = {
			isa = XCBuildConfiguration;
			buildSettings = {
				ASSETCATALOG_COMPILER_APPICON_NAME = AppIcon;
				CODE_SIGN_STYLE = Automatic;
				DEVELOPMENT_TEAM = CJEYN9PMZY;
				INFOPLIST_FILE = SpaceDefender/Info.plist;
				LD_RUNPATH_SEARCH_PATHS = (
					"$(inherited)",
					"@executable_path/Frameworks",
				);
				PRODUCT_BUNDLE_IDENTIFIER = org.altervista.devack.SpaceDefender;
				PRODUCT_NAME = "$(TARGET_NAME)";
				SWIFT_VERSION = 4.0;
				TARGETED_DEVICE_FAMILY = "1,2";
			};
			name = Debug;
		};
		382653DB210A068F00584777 /* Release */ = {
			isa = XCBuildConfiguration;
			buildSettings = {
				ASSETCATALOG_COMPILER_APPICON_NAME = AppIcon;
				CODE_SIGN_STYLE = Automatic;
				DEVELOPMENT_TEAM = CJEYN9PMZY;
				INFOPLIST_FILE = SpaceDefender/Info.plist;
				LD_RUNPATH_SEARCH_PATHS = (
					"$(inherited)",
					"@executable_path/Frameworks",
				);
				PRODUCT_BUNDLE_IDENTIFIER = org.altervista.devack.SpaceDefender;
				PRODUCT_NAME = "$(TARGET_NAME)";
				SWIFT_VERSION = 4.0;
				TARGETED_DEVICE_FAMILY = "1,2";
			};
			name = Release;
		};
/* End XCBuildConfiguration section */

/* Begin XCConfigurationList section */
		382653BC210A068E00584777 /* Build configuration list for PBXProject "SpaceDefender" */ = {
			isa = XCConfigurationList;
			buildConfigurations = (
				382653D7210A068F00584777 /* Debug */,
				382653D8210A068F00584777 /* Release */,
			);
			defaultConfigurationIsVisible = 0;
			defaultConfigurationName = Release;
		};
		382653D9210A068F00584777 /* Build configuration list for PBXNativeTarget "SpaceDefender" */ = {
			isa = XCConfigurationList;
			buildConfigurations = (
				382653DA210A068F00584777 /* Debug */,
				382653DB210A068F00584777 /* Release */,
			);
			defaultConfigurationIsVisible = 0;
			defaultConfigurationName = Release;
		};
/* End XCConfigurationList section */
	};
	rootObject = 382653B9210A068E00584777 /* Project object */;
}
